// !$*UTF8*$!
{
	archiveVersion = 1;
	classes = {
	};
	objectVersion = 56;
	objects = {

/* Begin PBXBuildFile section */
		F91B278F29F7DCB400CFBA0A /* TrainingDataController.swift in Sources */ = {isa = PBXBuildFile; fileRef = F91B278E29F7DCB400CFBA0A /* TrainingDataController.swift */; };
		F91B279129F7E29700CFBA0A /* ReportCardView.swift in Sources */ = {isa = PBXBuildFile; fileRef = F91B279029F7E29700CFBA0A /* ReportCardView.swift */; };
		F91B279629F8218C00CFBA0A /* EditRepetitionView.swift in Sources */ = {isa = PBXBuildFile; fileRef = F91B279529F8218C00CFBA0A /* EditRepetitionView.swift */; };
		F991340B29E845F800758FAD /* personalTrainerApp.swift in Sources */ = {isa = PBXBuildFile; fileRef = F991340A29E845F800758FAD /* personalTrainerApp.swift */; };
		F991340D29E845F800758FAD /* ContentView.swift in Sources */ = {isa = PBXBuildFile; fileRef = F991340C29E845F800758FAD /* ContentView.swift */; };
		F991340F29E845FC00758FAD /* Assets.xcassets in Resources */ = {isa = PBXBuildFile; fileRef = F991340E29E845FC00758FAD /* Assets.xcassets */; };
		F991341229E845FC00758FAD /* Preview Assets.xcassets in Resources */ = {isa = PBXBuildFile; fileRef = F991341129E845FC00758FAD /* Preview Assets.xcassets */; };
		F991341929E84AA800758FAD /* ProfileView.swift in Sources */ = {isa = PBXBuildFile; fileRef = F991341829E84AA800758FAD /* ProfileView.swift */; };
		F991341B29E84CE600758FAD /* TrainingView.swift in Sources */ = {isa = PBXBuildFile; fileRef = F991341A29E84CE600758FAD /* TrainingView.swift */; };
		F991342629E85E7600758FAD /* NetworkPackage in Frameworks */ = {isa = PBXBuildFile; productRef = F991342529E85E7600758FAD /* NetworkPackage */; };
		F991342F29E9811F00758FAD /* TrainerDataModel.xcdatamodeld in Sources */ = {isa = PBXBuildFile; fileRef = F991342D29E9811F00758FAD /* TrainerDataModel.xcdatamodeld */; };
		F991343129E985FE00758FAD /* DataController.swift in Sources */ = {isa = PBXBuildFile; fileRef = F991343029E985FE00758FAD /* DataController.swift */; };
		F991343529EE907D00758FAD /* PostModel.swift in Sources */ = {isa = PBXBuildFile; fileRef = F991343429EE907D00758FAD /* PostModel.swift */; };
		F991343729EE908D00758FAD /* CommentModel.swift in Sources */ = {isa = PBXBuildFile; fileRef = F991343629EE908D00758FAD /* CommentModel.swift */; };
		F991343929EF1DD900758FAD /* scheda_antonio_a.json in Resources */ = {isa = PBXBuildFile; fileRef = F991343829EF1DD900758FAD /* scheda_antonio_a.json */; };
		F991343D29F6BA2F00758FAD /* scheda_antonio_b.json in Resources */ = {isa = PBXBuildFile; fileRef = F991343C29F6BA2F00758FAD /* scheda_antonio_b.json */; };
		F991343F29F6BA5D00758FAD /* scheda_antonio_c.json in Resources */ = {isa = PBXBuildFile; fileRef = F991343E29F6BA5D00758FAD /* scheda_antonio_c.json */; };
		F991344129F6C85A00758FAD /* AddRepetitionView.swift in Sources */ = {isa = PBXBuildFile; fileRef = F991344029F6C85A00758FAD /* AddRepetitionView.swift */; };
		F991344329F6E8CC00758FAD /* PostCardView.swift in Sources */ = {isa = PBXBuildFile; fileRef = F991344229F6E8CC00758FAD /* PostCardView.swift */; };
		F991344529F6ED9400758FAD /* InsertRepetitionDataView.swift in Sources */ = {isa = PBXBuildFile; fileRef = F991344429F6ED9400758FAD /* InsertRepetitionDataView.swift */; };
		F991344729F7CF5E00758FAD /* FeatureCardView.swift in Sources */ = {isa = PBXBuildFile; fileRef = F991344629F7CF5E00758FAD /* FeatureCardView.swift */; };
		F991344929F7D26100758FAD /* TrainingCardView.swift in Sources */ = {isa = PBXBuildFile; fileRef = F991344829F7D26100758FAD /* TrainingCardView.swift */; };
		F991344C29F7D47500758FAD /* TrainingRowView.swift in Sources */ = {isa = PBXBuildFile; fileRef = F991344B29F7D47500758FAD /* TrainingRowView.swift */; };
/* End PBXBuildFile section */

/* Begin PBXFileReference section */
		F91B278E29F7DCB400CFBA0A /* TrainingDataController.swift */ = {isa = PBXFileReference; lastKnownFileType = sourcecode.swift; path = TrainingDataController.swift; sourceTree = "<group>"; };
		F91B279029F7E29700CFBA0A /* ReportCardView.swift */ = {isa = PBXFileReference; lastKnownFileType = sourcecode.swift; path = ReportCardView.swift; sourceTree = "<group>"; };
		F91B279529F8218C00CFBA0A /* EditRepetitionView.swift */ = {isa = PBXFileReference; lastKnownFileType = sourcecode.swift; path = EditRepetitionView.swift; sourceTree = "<group>"; };
		F991340729E845F800758FAD /* personalTrainer.app */ = {isa = PBXFileReference; explicitFileType = wrapper.application; includeInIndex = 0; path = personalTrainer.app; sourceTree = BUILT_PRODUCTS_DIR; };
		F991340A29E845F800758FAD /* personalTrainerApp.swift */ = {isa = PBXFileReference; lastKnownFileType = sourcecode.swift; path = personalTrainerApp.swift; sourceTree = "<group>"; };
		F991340C29E845F800758FAD /* ContentView.swift */ = {isa = PBXFileReference; lastKnownFileType = sourcecode.swift; path = ContentView.swift; sourceTree = "<group>"; };
		F991340E29E845FC00758FAD /* Assets.xcassets */ = {isa = PBXFileReference; lastKnownFileType = folder.assetcatalog; path = Assets.xcassets; sourceTree = "<group>"; };
		F991341129E845FC00758FAD /* Preview Assets.xcassets */ = {isa = PBXFileReference; lastKnownFileType = folder.assetcatalog; path = "Preview Assets.xcassets"; sourceTree = "<group>"; };
		F991341829E84AA800758FAD /* ProfileView.swift */ = {isa = PBXFileReference; lastKnownFileType = sourcecode.swift; path = ProfileView.swift; sourceTree = "<group>"; };
		F991341A29E84CE600758FAD /* TrainingView.swift */ = {isa = PBXFileReference; lastKnownFileType = sourcecode.swift; path = TrainingView.swift; sourceTree = "<group>"; };
		F991342E29E9811F00758FAD /* TrainerDataModel.xcdatamodel */ = {isa = PBXFileReference; lastKnownFileType = wrapper.xcdatamodel; path = TrainerDataModel.xcdatamodel; sourceTree = "<group>"; };
		F991343029E985FE00758FAD /* DataController.swift */ = {isa = PBXFileReference; lastKnownFileType = sourcecode.swift; path = DataController.swift; sourceTree = "<group>"; };
		F991343429EE907D00758FAD /* PostModel.swift */ = {isa = PBXFileReference; lastKnownFileType = sourcecode.swift; path = PostModel.swift; sourceTree = "<group>"; };
		F991343629EE908D00758FAD /* CommentModel.swift */ = {isa = PBXFileReference; lastKnownFileType = sourcecode.swift; path = CommentModel.swift; sourceTree = "<group>"; };
		F991343829EF1DD900758FAD /* scheda_antonio_a.json */ = {isa = PBXFileReference; lastKnownFileType = text.json; path = scheda_antonio_a.json; sourceTree = "<group>"; };
		F991343C29F6BA2F00758FAD /* scheda_antonio_b.json */ = {isa = PBXFileReference; lastKnownFileType = text.json; path = scheda_antonio_b.json; sourceTree = "<group>"; };
		F991343E29F6BA5D00758FAD /* scheda_antonio_c.json */ = {isa = PBXFileReference; lastKnownFileType = text.json; path = scheda_antonio_c.json; sourceTree = "<group>"; };
		F991344029F6C85A00758FAD /* AddRepetitionView.swift */ = {isa = PBXFileReference; lastKnownFileType = sourcecode.swift; path = AddRepetitionView.swift; sourceTree = "<group>"; };
		F991344229F6E8CC00758FAD /* PostCardView.swift */ = {isa = PBXFileReference; lastKnownFileType = sourcecode.swift; path = PostCardView.swift; sourceTree = "<group>"; };
		F991344429F6ED9400758FAD /* InsertRepetitionDataView.swift */ = {isa = PBXFileReference; lastKnownFileType = sourcecode.swift; path = InsertRepetitionDataView.swift; sourceTree = "<group>"; };
		F991344629F7CF5E00758FAD /* FeatureCardView.swift */ = {isa = PBXFileReference; lastKnownFileType = sourcecode.swift; path = FeatureCardView.swift; sourceTree = "<group>"; };
		F991344829F7D26100758FAD /* TrainingCardView.swift */ = {isa = PBXFileReference; lastKnownFileType = sourcecode.swift; path = TrainingCardView.swift; sourceTree = "<group>"; };
		F991344B29F7D47500758FAD /* TrainingRowView.swift */ = {isa = PBXFileReference; lastKnownFileType = sourcecode.swift; path = TrainingRowView.swift; sourceTree = "<group>"; };
/* End PBXFileReference section */

/* Begin PBXFrameworksBuildPhase section */
		F991340429E845F800758FAD /* Frameworks */ = {
			isa = PBXFrameworksBuildPhase;
			buildActionMask = 2147483647;
			files = (
				F991342629E85E7600758FAD /* NetworkPackage in Frameworks */,
			);
			runOnlyForDeploymentPostprocessing = 0;
		};
/* End PBXFrameworksBuildPhase section */

/* Begin PBXGroup section */
		F91B279229F7E31D00CFBA0A /* Home */ = {
			isa = PBXGroup;
			children = (
				F991340C29E845F800758FAD /* ContentView.swift */,
				F991344629F7CF5E00758FAD /* FeatureCardView.swift */,
				F991344829F7D26100758FAD /* TrainingCardView.swift */,
			);
			path = Home;
			sourceTree = "<group>";
		};
		F91B279329F7E34600CFBA0A /* AddRepetition */ = {
			isa = PBXGroup;
			children = (
				F991344029F6C85A00758FAD /* AddRepetitionView.swift */,
				F991344229F6E8CC00758FAD /* PostCardView.swift */,
				F991344429F6ED9400758FAD /* InsertRepetitionDataView.swift */,
				F91B279029F7E29700CFBA0A /* ReportCardView.swift */,
				F91B279529F8218C00CFBA0A /* EditRepetitionView.swift */,
			);
			path = AddRepetition;
			sourceTree = "<group>";
		};
		F91B279429F7E35900CFBA0A /* Training */ = {
			isa = PBXGroup;
			children = (
				F991341A29E84CE600758FAD /* TrainingView.swift */,
				F991344B29F7D47500758FAD /* TrainingRowView.swift */,
			);
			path = Training;
			sourceTree = "<group>";
		};
		F99133FE29E845F800758FAD = {
			isa = PBXGroup;
			children = (
				F991340929E845F800758FAD /* personalTrainer */,
				F991340829E845F800758FAD /* Products */,
			);
			sourceTree = "<group>";
		};
		F991340829E845F800758FAD /* Products */ = {
			isa = PBXGroup;
			children = (
				F991340729E845F800758FAD /* personalTrainer.app */,
			);
			name = Products;
			sourceTree = "<group>";
		};
		F991340929E845F800758FAD /* personalTrainer */ = {
			isa = PBXGroup;
			children = (
				F991343329EE906D00758FAD /* Model */,
				F991343229EE905E00758FAD /* ViewModel */,
				F991342929E93DD100758FAD /* DataModel */,
				F991341F29E85C2600758FAD /* resource */,
				F991340A29E845F800758FAD /* personalTrainerApp.swift */,
				F991344A29F7D32500758FAD /* View */,
				F991340E29E845FC00758FAD /* Assets.xcassets */,
				F991341029E845FC00758FAD /* Preview Content */,
			);
			path = personalTrainer;
			sourceTree = "<group>";
		};
		F991341029E845FC00758FAD /* Preview Content */ = {
			isa = PBXGroup;
			children = (
				F991341129E845FC00758FAD /* Preview Assets.xcassets */,
			);
			path = "Preview Content";
			sourceTree = "<group>";
		};
		F991341F29E85C2600758FAD /* resource */ = {
			isa = PBXGroup;
			children = (
				F991343829EF1DD900758FAD /* scheda_antonio_a.json */,
				F991343C29F6BA2F00758FAD /* scheda_antonio_b.json */,
				F991343E29F6BA5D00758FAD /* scheda_antonio_c.json */,
			);
			path = resource;
			sourceTree = "<group>";
		};
		F991342929E93DD100758FAD /* DataModel */ = {
			isa = PBXGroup;
			children = (
				F991342D29E9811F00758FAD /* TrainerDataModel.xcdatamodeld */,
				F991343029E985FE00758FAD /* DataController.swift */,
				F91B278E29F7DCB400CFBA0A /* TrainingDataController.swift */,
			);
			path = DataModel;
			sourceTree = "<group>";
		};
		F991343229EE905E00758FAD /* ViewModel */ = {
			isa = PBXGroup;
			children = (
			);
			path = ViewModel;
			sourceTree = "<group>";
		};
		F991343329EE906D00758FAD /* Model */ = {
			isa = PBXGroup;
			children = (
				F991343429EE907D00758FAD /* PostModel.swift */,
				F991343629EE908D00758FAD /* CommentModel.swift */,
			);
			path = Model;
			sourceTree = "<group>";
		};
		F991344A29F7D32500758FAD /* View */ = {
			isa = PBXGroup;
			children = (
				F991341829E84AA800758FAD /* ProfileView.swift */,
				F91B279229F7E31D00CFBA0A /* Home */,
				F91B279429F7E35900CFBA0A /* Training */,
				F91B279329F7E34600CFBA0A /* AddRepetition */,
			);
			path = View;
			sourceTree = "<group>";
		};
/* End PBXGroup section */

/* Begin PBXNativeTarget section */
		F991340629E845F800758FAD /* personalTrainer */ = {
			isa = PBXNativeTarget;
			buildConfigurationList = F991341529E845FC00758FAD /* Build configuration list for PBXNativeTarget "personalTrainer" */;
			buildPhases = (
				F991340329E845F800758FAD /* Sources */,
				F991340429E845F800758FAD /* Frameworks */,
				F991340529E845F800758FAD /* Resources */,
			);
			buildRules = (
			);
			dependencies = (
			);
			name = personalTrainer;
			packageProductDependencies = (
				F991342529E85E7600758FAD /* NetworkPackage */,
			);
			productName = personalTrainer;
			productReference = F991340729E845F800758FAD /* personalTrainer.app */;
			productType = "com.apple.product-type.application";
		};
/* End PBXNativeTarget section */

/* Begin PBXProject section */
		F99133FF29E845F800758FAD /* Project object */ = {
			isa = PBXProject;
			attributes = {
				BuildIndependentTargetsInParallel = 1;
				LastSwiftUpdateCheck = 1430;
				LastUpgradeCheck = 1430;
				TargetAttributes = {
					F991340629E845F800758FAD = {
						CreatedOnToolsVersion = 14.3;
					};
				};
			};
			buildConfigurationList = F991340229E845F800758FAD /* Build configuration list for PBXProject "personalTrainer" */;
			compatibilityVersion = "Xcode 14.0";
			developmentRegion = en;
			hasScannedForEncodings = 0;
			knownRegions = (
				en,
				Base,
			);
			mainGroup = F99133FE29E845F800758FAD;
			packageReferences = (
				F991342429E85E7600758FAD /* XCRemoteSwiftPackageReference "NetworkPackage" */,
			);
			productRefGroup = F991340829E845F800758FAD /* Products */;
			projectDirPath = "";
			projectRoot = "";
			targets = (
				F991340629E845F800758FAD /* personalTrainer */,
			);
		};
/* End PBXProject section */

/* Begin PBXResourcesBuildPhase section */
		F991340529E845F800758FAD /* Resources */ = {
			isa = PBXResourcesBuildPhase;
			buildActionMask = 2147483647;
			files = (
				F991341229E845FC00758FAD /* Preview Assets.xcassets in Resources */,
				F991343F29F6BA5D00758FAD /* scheda_antonio_c.json in Resources */,
				F991343D29F6BA2F00758FAD /* scheda_antonio_b.json in Resources */,
				F991343929EF1DD900758FAD /* scheda_antonio_a.json in Resources */,
				F991340F29E845FC00758FAD /* Assets.xcassets in Resources */,
			);
			runOnlyForDeploymentPostprocessing = 0;
		};
/* End PBXResourcesBuildPhase section */

/* Begin PBXSourcesBuildPhase section */
		F991340329E845F800758FAD /* Sources */ = {
			isa = PBXSourcesBuildPhase;
			buildActionMask = 2147483647;
			files = (
				F91B279129F7E29700CFBA0A /* ReportCardView.swift in Sources */,
				F991341B29E84CE600758FAD /* TrainingView.swift in Sources */,
				F991343729EE908D00758FAD /* CommentModel.swift in Sources */,
				F991344329F6E8CC00758FAD /* PostCardView.swift in Sources */,
				F991344C29F7D47500758FAD /* TrainingRowView.swift in Sources */,
				F91B278F29F7DCB400CFBA0A /* TrainingDataController.swift in Sources */,
				F991344529F6ED9400758FAD /* InsertRepetitionDataView.swift in Sources */,
				F991344129F6C85A00758FAD /* AddRepetitionView.swift in Sources */,
				F991342F29E9811F00758FAD /* TrainerDataModel.xcdatamodeld in Sources */,
				F991340D29E845F800758FAD /* ContentView.swift in Sources */,
				F991343529EE907D00758FAD /* PostModel.swift in Sources */,
				F991343129E985FE00758FAD /* DataController.swift in Sources */,
				F991341929E84AA800758FAD /* ProfileView.swift in Sources */,
				F991340B29E845F800758FAD /* personalTrainerApp.swift in Sources */,
				F91B279629F8218C00CFBA0A /* EditRepetitionView.swift in Sources */,
				F991344929F7D26100758FAD /* TrainingCardView.swift in Sources */,
				F991344729F7CF5E00758FAD /* FeatureCardView.swift in Sources */,
			);
			runOnlyForDeploymentPostprocessing = 0;
		};
/* End PBXSourcesBuildPhase section */

/* Begin XCBuildConfiguration section */
		F991341329E845FC00758FAD /* Debug */ = {
			isa = XCBuildConfiguration;
			buildSettings = {
				ALWAYS_SEARCH_USER_PATHS = NO;
				CLANG_ANALYZER_NONNULL = YES;
				CLANG_ANALYZER_NUMBER_OBJECT_CONVERSION = YES_AGGRESSIVE;
				CLANG_CXX_LANGUAGE_STANDARD = "gnu++20";
				CLANG_ENABLE_MODULES = YES;
				CLANG_ENABLE_OBJC_ARC = YES;
				CLANG_ENABLE_OBJC_WEAK = YES;
				CLANG_WARN_BLOCK_CAPTURE_AUTORELEASING = YES;
				CLANG_WARN_BOOL_CONVERSION = YES;
				CLANG_WARN_COMMA = YES;
				CLANG_WARN_CONSTANT_CONVERSION = YES;
				CLANG_WARN_DEPRECATED_OBJC_IMPLEMENTATIONS = YES;
				CLANG_WARN_DIRECT_OBJC_ISA_USAGE = YES_ERROR;
				CLANG_WARN_DOCUMENTATION_COMMENTS = YES;
				CLANG_WARN_EMPTY_BODY = YES;
				CLANG_WARN_ENUM_CONVERSION = YES;
				CLANG_WARN_INFINITE_RECURSION = YES;
				CLANG_WARN_INT_CONVERSION = YES;
				CLANG_WARN_NON_LITERAL_NULL_CONVERSION = YES;
				CLANG_WARN_OBJC_IMPLICIT_RETAIN_SELF = YES;
				CLANG_WARN_OBJC_LITERAL_CONVERSION = YES;
				CLANG_WARN_OBJC_ROOT_CLASS = YES_ERROR;
				CLANG_WARN_QUOTED_INCLUDE_IN_FRAMEWORK_HEADER = YES;
				CLANG_WARN_RANGE_LOOP_ANALYSIS = YES;
				CLANG_WARN_STRICT_PROTOTYPES = YES;
				CLANG_WARN_SUSPICIOUS_MOVE = YES;
				CLANG_WARN_UNGUARDED_AVAILABILITY = YES_AGGRESSIVE;
				CLANG_WARN_UNREACHABLE_CODE = YES;
				CLANG_WARN__DUPLICATE_METHOD_MATCH = YES;
				COPY_PHASE_STRIP = NO;
				DEBUG_INFORMATION_FORMAT = dwarf;
				ENABLE_STRICT_OBJC_MSGSEND = YES;
				ENABLE_TESTABILITY = YES;
				GCC_C_LANGUAGE_STANDARD = gnu11;
				GCC_DYNAMIC_NO_PIC = NO;
				GCC_NO_COMMON_BLOCKS = YES;
				GCC_OPTIMIZATION_LEVEL = 0;
				GCC_PREPROCESSOR_DEFINITIONS = (
					"DEBUG=1",
					"$(inherited)",
				);
				GCC_WARN_64_TO_32_BIT_CONVERSION = YES;
				GCC_WARN_ABOUT_RETURN_TYPE = YES_ERROR;
				GCC_WARN_UNDECLARED_SELECTOR = YES;
				GCC_WARN_UNINITIALIZED_AUTOS = YES_AGGRESSIVE;
				GCC_WARN_UNUSED_FUNCTION = YES;
				GCC_WARN_UNUSED_VARIABLE = YES;
				IPHONEOS_DEPLOYMENT_TARGET = 16.4;
				MTL_ENABLE_DEBUG_INFO = INCLUDE_SOURCE;
				MTL_FAST_MATH = YES;
				ONLY_ACTIVE_ARCH = YES;
				SDKROOT = iphoneos;
				SWIFT_ACTIVE_COMPILATION_CONDITIONS = DEBUG;
				SWIFT_OPTIMIZATION_LEVEL = "-Onone";
			};
			name = Debug;
		};
		F991341429E845FC00758FAD /* Release */ = {
			isa = XCBuildConfiguration;
			buildSettings = {
				ALWAYS_SEARCH_USER_PATHS = NO;
				CLANG_ANALYZER_NONNULL = YES;
				CLANG_ANALYZER_NUMBER_OBJECT_CONVERSION = YES_AGGRESSIVE;
				CLANG_CXX_LANGUAGE_STANDARD = "gnu++20";
				CLANG_ENABLE_MODULES = YES;
				CLANG_ENABLE_OBJC_ARC = YES;
				CLANG_ENABLE_OBJC_WEAK = YES;
				CLANG_WARN_BLOCK_CAPTURE_AUTORELEASING = YES;
				CLANG_WARN_BOOL_CONVERSION = YES;
				CLANG_WARN_COMMA = YES;
				CLANG_WARN_CONSTANT_CONVERSION = YES;
				CLANG_WARN_DEPRECATED_OBJC_IMPLEMENTATIONS = YES;
				CLANG_WARN_DIRECT_OBJC_ISA_USAGE = YES_ERROR;
				CLANG_WARN_DOCUMENTATION_COMMENTS = YES;
				CLANG_WARN_EMPTY_BODY = YES;
				CLANG_WARN_ENUM_CONVERSION = YES;
				CLANG_WARN_INFINITE_RECURSION = YES;
				CLANG_WARN_INT_CONVERSION = YES;
				CLANG_WARN_NON_LITERAL_NULL_CONVERSION = YES;
				CLANG_WARN_OBJC_IMPLICIT_RETAIN_SELF = YES;
				CLANG_WARN_OBJC_LITERAL_CONVERSION = YES;
				CLANG_WARN_OBJC_ROOT_CLASS = YES_ERROR;
				CLANG_WARN_QUOTED_INCLUDE_IN_FRAMEWORK_HEADER = YES;
				CLANG_WARN_RANGE_LOOP_ANALYSIS = YES;
				CLANG_WARN_STRICT_PROTOTYPES = YES;
				CLANG_WARN_SUSPICIOUS_MOVE = YES;
				CLANG_WARN_UNGUARDED_AVAILABILITY = YES_AGGRESSIVE;
				CLANG_WARN_UNREACHABLE_CODE = YES;
				CLANG_WARN__DUPLICATE_METHOD_MATCH = YES;
				COPY_PHASE_STRIP = NO;
				DEBUG_INFORMATION_FORMAT = "dwarf-with-dsym";
				ENABLE_NS_ASSERTIONS = NO;
				ENABLE_STRICT_OBJC_MSGSEND = YES;
				GCC_C_LANGUAGE_STANDARD = gnu11;
				GCC_NO_COMMON_BLOCKS = YES;
				GCC_WARN_64_TO_32_BIT_CONVERSION = YES;
				GCC_WARN_ABOUT_RETURN_TYPE = YES_ERROR;
				GCC_WARN_UNDECLARED_SELECTOR = YES;
				GCC_WARN_UNINITIALIZED_AUTOS = YES_AGGRESSIVE;
				GCC_WARN_UNUSED_FUNCTION = YES;
				GCC_WARN_UNUSED_VARIABLE = YES;
				IPHONEOS_DEPLOYMENT_TARGET = 16.4;
				MTL_ENABLE_DEBUG_INFO = NO;
				MTL_FAST_MATH = YES;
				SDKROOT = iphoneos;
				SWIFT_COMPILATION_MODE = wholemodule;
				SWIFT_OPTIMIZATION_LEVEL = "-O";
				VALIDATE_PRODUCT = YES;
			};
			name = Release;
		};
		F991341629E845FC00758FAD /* Debug */ = {
			isa = XCBuildConfiguration;
			buildSettings = {
				ASSETCATALOG_COMPILER_APPICON_NAME = AppIcon;
				ASSETCATALOG_COMPILER_GLOBAL_ACCENT_COLOR_NAME = AccentColor;
				CODE_SIGN_STYLE = Automatic;
				CURRENT_PROJECT_VERSION = 1;
				DEVELOPMENT_ASSET_PATHS = "\"personalTrainer/Preview Content\"";
				DEVELOPMENT_TEAM = 2DMW5G3LV8;
				ENABLE_PREVIEWS = YES;
				GENERATE_INFOPLIST_FILE = YES;
				INFOPLIST_KEY_UIApplicationSceneManifest_Generation = YES;
				INFOPLIST_KEY_UIApplicationSupportsIndirectInputEvents = YES;
				INFOPLIST_KEY_UILaunchScreen_Generation = YES;
				INFOPLIST_KEY_UISupportedInterfaceOrientations_iPad = "UIInterfaceOrientationPortrait UIInterfaceOrientationPortraitUpsideDown UIInterfaceOrientationLandscapeLeft UIInterfaceOrientationLandscapeRight";
				INFOPLIST_KEY_UISupportedInterfaceOrientations_iPhone = "UIInterfaceOrientationPortrait UIInterfaceOrientationLandscapeLeft UIInterfaceOrientationLandscapeRight";
				LD_RUNPATH_SEARCH_PATHS = (
					"$(inherited)",
					"@executable_path/Frameworks",
				);
				MARKETING_VERSION = 1.0;
				PRODUCT_BUNDLE_IDENTIFIER = com.spritelab.personalTrainer;
				PRODUCT_NAME = "$(TARGET_NAME)";
				SWIFT_EMIT_LOC_STRINGS = YES;
				SWIFT_VERSION = 5.0;
				TARGETED_DEVICE_FAMILY = "1,2";
			};
			name = Debug;
		};
		F991341729E845FC00758FAD /* Release */ = {
			isa = XCBuildConfiguration;
			buildSettings = {
				ASSETCATALOG_COMPILER_APPICON_NAME = AppIcon;
				ASSETCATALOG_COMPILER_GLOBAL_ACCENT_COLOR_NAME = AccentColor;
				CODE_SIGN_STYLE = Automatic;
				CURRENT_PROJECT_VERSION = 1;
				DEVELOPMENT_ASSET_PATHS = "\"personalTrainer/Preview Content\"";
				DEVELOPMENT_TEAM = 2DMW5G3LV8;
				ENABLE_PREVIEWS = YES;
				GENERATE_INFOPLIST_FILE = YES;
				INFOPLIST_KEY_UIApplicationSceneManifest_Generation = YES;
				INFOPLIST_KEY_UIApplicationSupportsIndirectInputEvents = YES;
				INFOPLIST_KEY_UILaunchScreen_Generation = YES;
				INFOPLIST_KEY_UISupportedInterfaceOrientations_iPad = "UIInterfaceOrientationPortrait UIInterfaceOrientationPortraitUpsideDown UIInterfaceOrientationLandscapeLeft UIInterfaceOrientationLandscapeRight";
				INFOPLIST_KEY_UISupportedInterfaceOrientations_iPhone = "UIInterfaceOrientationPortrait UIInterfaceOrientationLandscapeLeft UIInterfaceOrientationLandscapeRight";
				LD_RUNPATH_SEARCH_PATHS = (
					"$(inherited)",
					"@executable_path/Frameworks",
				);
				MARKETING_VERSION = 1.0;
				PRODUCT_BUNDLE_IDENTIFIER = com.spritelab.personalTrainer;
				PRODUCT_NAME = "$(TARGET_NAME)";
				SWIFT_EMIT_LOC_STRINGS = YES;
				SWIFT_VERSION = 5.0;
				TARGETED_DEVICE_FAMILY = "1,2";
			};
			name = Release;
		};
/* End XCBuildConfiguration section */

/* Begin XCConfigurationList section */
		F991340229E845F800758FAD /* Build configuration list for PBXProject "personalTrainer" */ = {
			isa = XCConfigurationList;
			buildConfigurations = (
				F991341329E845FC00758FAD /* Debug */,
				F991341429E845FC00758FAD /* Release */,
			);
			defaultConfigurationIsVisible = 0;
			defaultConfigurationName = Release;
		};
		F991341529E845FC00758FAD /* Build configuration list for PBXNativeTarget "personalTrainer" */ = {
			isa = XCConfigurationList;
			buildConfigurations = (
				F991341629E845FC00758FAD /* Debug */,
				F991341729E845FC00758FAD /* Release */,
			);
			defaultConfigurationIsVisible = 0;
			defaultConfigurationName = Release;
		};
/* End XCConfigurationList section */

/* Begin XCRemoteSwiftPackageReference section */
		F991342429E85E7600758FAD /* XCRemoteSwiftPackageReference "NetworkPackage" */ = {
			isa = XCRemoteSwiftPackageReference;
			repositoryURL = "https://github.com/AntonioVirgone/NetworkPackage";
			requirement = {
				kind = upToNextMajorVersion;
				minimumVersion = 1.0.0;
			};
		};
/* End XCRemoteSwiftPackageReference section */

/* Begin XCSwiftPackageProductDependency section */
		F991342529E85E7600758FAD /* NetworkPackage */ = {
			isa = XCSwiftPackageProductDependency;
			package = F991342429E85E7600758FAD /* XCRemoteSwiftPackageReference "NetworkPackage" */;
			productName = NetworkPackage;
		};
/* End XCSwiftPackageProductDependency section */

/* Begin XCVersionGroup section */
		F991342D29E9811F00758FAD /* TrainerDataModel.xcdatamodeld */ = {
			isa = XCVersionGroup;
			children = (
				F991342E29E9811F00758FAD /* TrainerDataModel.xcdatamodel */,
			);
			currentVersion = F991342E29E9811F00758FAD /* TrainerDataModel.xcdatamodel */;
			path = TrainerDataModel.xcdatamodeld;
			sourceTree = "<group>";
			versionGroupType = wrapper.xcdatamodel;
		};
/* End XCVersionGroup section */
	};
	rootObject = F99133FF29E845F800758FAD /* Project object */;
}
